
Microsoft Visual Studio Solution File, Format Version 12.00
# Visual Studio Version 17
VisualStudioVersion = 17.4.33205.214
MinimumVisualStudioVersion = 10.0.40219.1
Project("{9A19103F-16F7-4668-BE54-9A1E7A4F7556}") = "ECDSA", "ECDSA.csproj", "{1CD822D4-22AA-40D2-AA16-91DBF757B646}"
EndProject
Project("{FAE04EC0-301F-11D3-BF4B-00C04F79EFBC}") = "ScalarMultCurveTests", "..\ScalarMultCurveTests\ScalarMultCurveTests.csproj", "{02D98061-1D39-4C5F-B05F-EE6A01C27E0F}"
EndProject
Global
	GlobalSection(SolutionConfigurationPlatforms) = preSolution
		Debug|Any CPU = Debug|Any CPU
		Release|Any CPU = Release|Any CPU
	EndGlobalSection
	GlobalSection(ProjectConfigurationPlatforms) = postSolution
		{1CD822D4-22AA-40D2-AA16-91DBF757B646}.Debug|Any CPU.ActiveCfg = Debug|Any CPU
		{1CD822D4-22AA-40D2-AA16-91DBF757B646}.Debug|Any CPU.Build.0 = Debug|Any CPU
		{1CD822D4-22AA-40D2-AA16-91DBF757B646}.Release|Any CPU.ActiveCfg = Release|Any CPU
		{1CD822D4-22AA-40D2-AA16-91DBF757B646}.Release|Any CPU.Build.0 = Release|Any CPU
		{02D98061-1D39-4C5F-B05F-EE6A01C27E0F}.Debug|Any CPU.ActiveCfg = Debug|Any CPU
		{02D98061-1D39-4C5F-B05F-EE6A01C27E0F}.Debug|Any CPU.Build.0 = Debug|Any CPU
		{02D98061-1D39-4C5F-B05F-EE6A01C27E0F}.Release|Any CPU.ActiveCfg = Release|Any CPU
		{02D98061-1D39-4C5F-B05F-EE6A01C27E0F}.Release|Any CPU.Build.0 = Release|Any CPU
	EndGlobalSection
	GlobalSection(SolutionProperties) = preSolution
		HideSolutionNode = FALSE
	EndGlobalSection
	GlobalSection(ExtensibilityGlobals) = postSolution
		SolutionGuid = {C14804DD-FB0B-4819-AD77-B9AFEBBCA4B4}
	EndGlobalSection
EndGlobal
